
Microsoft Visual Studio Solution File, Format Version 12.00
# Visual Studio Version 17
VisualStudioVersion = 17.1.32421.90
MinimumVisualStudioVersion = 10.0.40219.1
Project("{FAE04EC0-301F-11D3-BF4B-00C04F79EFBC}") = "Reservoom", "Reservoom\Reservoom.csproj", "{9815652B-90AE-4879-A983-E674AA1E9BCD}"
EndProject
Global
	GlobalSection(SolutionConfigurationPlatforms) = preSolution
		Debug|Any CPU = Debug|Any CPU
		Release|Any CPU = Release|Any CPU
	EndGlobalSection
	GlobalSection(ProjectConfigurationPlatforms) = postSolution
		{9815652B-90AE-4879-A983-E674AA1E9BCD}.Debug|Any CPU.ActiveCfg = Debug|Any CPU
		{9815652B-90AE-4879-A983-E674AA1E9BCD}.Debug|Any CPU.Build.0 = Debug|Any CPU
		{9815652B-90AE-4879-A983-E674AA1E9BCD}.Release|Any CPU.ActiveCfg = Release|Any CPU
		{9815652B-90AE-4879-A983-E674AA1E9BCD}.Release|Any CPU.Build.0 = Release|Any CPU
	EndGlobalSection
	GlobalSection(SolutionProperties) = preSolution
		HideSolutionNode = FALSE
	EndGlobalSection
	GlobalSection(ExtensibilityGlobals) = postSolution
		SolutionGuid = {917A43B2-09EB-42FC-97C6-3FB4480FF789}
	EndGlobalSection
EndGlobal
